// !$*UTF8*$!
{
	archiveVersion = 1;
	classes = {
	};
	objectVersion = 55;
	objects = {

/* Begin PBXBuildFile section */
		D06DA1C92978372200E64E61 /* chicken.jpg in Resources */ = {isa = PBXBuildFile; fileRef = D06DA1C82978372200E64E61 /* chicken.jpg */; };
		D0708F1D27446F3000B26B9B /* densenet121_keras_applications.mlmodel in Sources */ = {isa = PBXBuildFile; fileRef = D0C37BA1272856FE000EECA9 /* densenet121_keras_applications.mlmodel */; };
		D0C37B89272795BA000EECA9 /* AppDelegate.swift in Sources */ = {isa = PBXBuildFile; fileRef = D0C37B88272795BA000EECA9 /* AppDelegate.swift */; };
		D0C37B8B272795BA000EECA9 /* ViewController.swift in Sources */ = {isa = PBXBuildFile; fileRef = D0C37B8A272795BA000EECA9 /* ViewController.swift */; };
		D0C37B8D272795BB000EECA9 /* Assets.xcassets in Resources */ = {isa = PBXBuildFile; fileRef = D0C37B8C272795BB000EECA9 /* Assets.xcassets */; };
		D0C37B90272795BB000EECA9 /* Main.storyboard in Resources */ = {isa = PBXBuildFile; fileRef = D0C37B8E272795BB000EECA9 /* Main.storyboard */; };
		D0C37B99272795D9000EECA9 /* CoreML.framework in Frameworks */ = {isa = PBXBuildFile; fileRef = D0C37B98272795D9000EECA9 /* CoreML.framework */; platformFilter = maccatalyst; };
		D0C37B9B2727A66D000EECA9 /* Predictor.swift in Sources */ = {isa = PBXBuildFile; fileRef = D0C37B9A2727A66D000EECA9 /* Predictor.swift */; };
		D0C37BAD27285839000EECA9 /* test01.jpg in Resources */ = {isa = PBXBuildFile; fileRef = D0C37BA327285839000EECA9 /* test01.jpg */; };
		D0C37BAE27285839000EECA9 /* test08.jpg in Resources */ = {isa = PBXBuildFile; fileRef = D0C37BA427285839000EECA9 /* test08.jpg */; };
		D0C37BAF27285839000EECA9 /* test02.jpg in Resources */ = {isa = PBXBuildFile; fileRef = D0C37BA527285839000EECA9 /* test02.jpg */; };
		D0C37BB027285839000EECA9 /* test04.jpg in Resources */ = {isa = PBXBuildFile; fileRef = D0C37BA627285839000EECA9 /* test04.jpg */; };
		D0C37BB127285839000EECA9 /* test03.jpg in Resources */ = {isa = PBXBuildFile; fileRef = D0C37BA727285839000EECA9 /* test03.jpg */; };
		D0C37BB227285839000EECA9 /* test10.jpg in Resources */ = {isa = PBXBuildFile; fileRef = D0C37BA827285839000EECA9 /* test10.jpg */; };
		D0C37BB327285839000EECA9 /* test06.jpg in Resources */ = {isa = PBXBuildFile; fileRef = D0C37BA927285839000EECA9 /* test06.jpg */; };
		D0C37BB427285839000EECA9 /* test05.jpg in Resources */ = {isa = PBXBuildFile; fileRef = D0C37BAA27285839000EECA9 /* test05.jpg */; };
		D0C37BB527285839000EECA9 /* test07.jpg in Resources */ = {isa = PBXBuildFile; fileRef = D0C37BAB27285839000EECA9 /* test07.jpg */; };
		D0C37BB627285839000EECA9 /* test09.jpg in Resources */ = {isa = PBXBuildFile; fileRef = D0C37BAC27285839000EECA9 /* test09.jpg */; };
		D0D43E9A297829290018D9A9 /* ChickenDetector.mlpackage in Sources */ = {isa = PBXBuildFile; fileRef = D0D43E99297829290018D9A9 /* ChickenDetector.mlpackage */; };
/* End PBXBuildFile section */

/* Begin PBXFileReference section */
		D06DA1C82978372200E64E61 /* chicken.jpg */ = {isa = PBXFileReference; lastKnownFileType = image.jpeg; name = chicken.jpg; path = Data/custom/1000/chicken.jpg; sourceTree = "<group>"; };
		D0C37B85272795BA000EECA9 /* MLMacosPerf.app */ = {isa = PBXFileReference; explicitFileType = wrapper.application; includeInIndex = 0; path = MLMacosPerf.app; sourceTree = BUILT_PRODUCTS_DIR; };
		D0C37B88272795BA000EECA9 /* AppDelegate.swift */ = {isa = PBXFileReference; lastKnownFileType = sourcecode.swift; path = AppDelegate.swift; sourceTree = "<group>"; };
		D0C37B8A272795BA000EECA9 /* ViewController.swift */ = {isa = PBXFileReference; lastKnownFileType = sourcecode.swift; path = ViewController.swift; sourceTree = "<group>"; };
		D0C37B8C272795BB000EECA9 /* Assets.xcassets */ = {isa = PBXFileReference; lastKnownFileType = folder.assetcatalog; path = Assets.xcassets; sourceTree = "<group>"; };
		D0C37B8F272795BB000EECA9 /* Base */ = {isa = PBXFileReference; lastKnownFileType = file.storyboard; name = Base; path = Base.lproj/Main.storyboard; sourceTree = "<group>"; };
		D0C37B91272795BB000EECA9 /* MLMacosPerf.entitlements */ = {isa = PBXFileReference; lastKnownFileType = text.plist.entitlements; path = MLMacosPerf.entitlements; sourceTree = "<group>"; };
		D0C37B98272795D9000EECA9 /* CoreML.framework */ = {isa = PBXFileReference; lastKnownFileType = wrapper.framework; name = CoreML.framework; path = System/Library/Frameworks/CoreML.framework; sourceTree = SDKROOT; };
		D0C37B9A2727A66D000EECA9 /* Predictor.swift */ = {isa = PBXFileReference; lastKnownFileType = sourcecode.swift; path = Predictor.swift; sourceTree = "<group>"; };
		D0C37BA1272856FE000EECA9 /* densenet121_keras_applications.mlmodel */ = {isa = PBXFileReference; lastKnownFileType = file.mlmodel; name = densenet121_keras_applications.mlmodel; path = Models/densenet121_keras_applications.mlmodel; sourceTree = "<group>"; };
		D0C37BA327285839000EECA9 /* test01.jpg */ = {isa = PBXFileReference; lastKnownFileType = image.jpeg; name = test01.jpg; path = Data/custom/1000/test01.jpg; sourceTree = "<group>"; };
		D0C37BA427285839000EECA9 /* test08.jpg */ = {isa = PBXFileReference; lastKnownFileType = image.jpeg; name = test08.jpg; path = Data/custom/1000/test08.jpg; sourceTree = "<group>"; };
		D0C37BA527285839000EECA9 /* test02.jpg */ = {isa = PBXFileReference; lastKnownFileType = image.jpeg; name = test02.jpg; path = Data/custom/1000/test02.jpg; sourceTree = "<group>"; };
		D0C37BA627285839000EECA9 /* test04.jpg */ = {isa = PBXFileReference; lastKnownFileType = image.jpeg; name = test04.jpg; path = Data/custom/1000/test04.jpg; sourceTree = "<group>"; };
		D0C37BA727285839000EECA9 /* test03.jpg */ = {isa = PBXFileReference; lastKnownFileType = image.jpeg; name = test03.jpg; path = Data/custom/1000/test03.jpg; sourceTree = "<group>"; };
		D0C37BA827285839000EECA9 /* test10.jpg */ = {isa = PBXFileReference; lastKnownFileType = image.jpeg; name = test10.jpg; path = Data/custom/1000/test10.jpg; sourceTree = "<group>"; };
		D0C37BA927285839000EECA9 /* test06.jpg */ = {isa = PBXFileReference; lastKnownFileType = image.jpeg; name = test06.jpg; path = Data/custom/1000/test06.jpg; sourceTree = "<group>"; };
		D0C37BAA27285839000EECA9 /* test05.jpg */ = {isa = PBXFileReference; lastKnownFileType = image.jpeg; name = test05.jpg; path = Data/custom/1000/test05.jpg; sourceTree = "<group>"; };
		D0C37BAB27285839000EECA9 /* test07.jpg */ = {isa = PBXFileReference; lastKnownFileType = image.jpeg; name = test07.jpg; path = Data/custom/1000/test07.jpg; sourceTree = "<group>"; };
		D0C37BAC27285839000EECA9 /* test09.jpg */ = {isa = PBXFileReference; lastKnownFileType = image.jpeg; name = test09.jpg; path = Data/custom/1000/test09.jpg; sourceTree = "<group>"; };
		D0C37BB72728588D000EECA9 /* densenet121_keras_applications.mlmodel */ = {isa = PBXFileReference; lastKnownFileType = file.mlmodel; name = densenet121_keras_applications.mlmodel; path = Models/densenet121_keras_applications.mlmodel; sourceTree = "<group>"; };
		D0D43E99297829290018D9A9 /* ChickenDetector.mlpackage */ = {isa = PBXFileReference; lastKnownFileType = folder.mlpackage; name = ChickenDetector.mlpackage; path = Models/ChickenDetector.mlpackage; sourceTree = "<group>"; };
/* End PBXFileReference section */

/* Begin PBXFrameworksBuildPhase section */
		D0C37B82272795BA000EECA9 /* Frameworks */ = {
			isa = PBXFrameworksBuildPhase;
			buildActionMask = 2147483647;
			files = (
				D0C37B99272795D9000EECA9 /* CoreML.framework in Frameworks */,
			);
			runOnlyForDeploymentPostprocessing = 0;
		};
/* End PBXFrameworksBuildPhase section */

/* Begin PBXGroup section */
		D0C37B7C272795BA000EECA9 = {
			isa = PBXGroup;
			children = (
				D06DA1C82978372200E64E61 /* chicken.jpg */,
				D0D43E99297829290018D9A9 /* ChickenDetector.mlpackage */,
				D0C37BB72728588D000EECA9 /* densenet121_keras_applications.mlmodel */,
				D0C37BA327285839000EECA9 /* test01.jpg */,
				D0C37BA527285839000EECA9 /* test02.jpg */,
				D0C37BA727285839000EECA9 /* test03.jpg */,
				D0C37BA627285839000EECA9 /* test04.jpg */,
				D0C37BAA27285839000EECA9 /* test05.jpg */,
				D0C37BA927285839000EECA9 /* test06.jpg */,
				D0C37BAB27285839000EECA9 /* test07.jpg */,
				D0C37BA427285839000EECA9 /* test08.jpg */,
				D0C37BAC27285839000EECA9 /* test09.jpg */,
				D0C37BA827285839000EECA9 /* test10.jpg */,
				D0C37BA1272856FE000EECA9 /* densenet121_keras_applications.mlmodel */,
				D0C37B87272795BA000EECA9 /* MLMacosPerf */,
				D0C37B86272795BA000EECA9 /* Products */,
				D0C37B97272795D9000EECA9 /* Frameworks */,
			);
			sourceTree = "<group>";
		};
		D0C37B86272795BA000EECA9 /* Products */ = {
			isa = PBXGroup;
			children = (
				D0C37B85272795BA000EECA9 /* MLMacosPerf.app */,
			);
			name = Products;
			sourceTree = "<group>";
		};
		D0C37B87272795BA000EECA9 /* MLMacosPerf */ = {
			isa = PBXGroup;
			children = (
				D0C37B88272795BA000EECA9 /* AppDelegate.swift */,
				D0C37B8A272795BA000EECA9 /* ViewController.swift */,
				D0C37B8C272795BB000EECA9 /* Assets.xcassets */,
				D0C37B8E272795BB000EECA9 /* Main.storyboard */,
				D0C37B91272795BB000EECA9 /* MLMacosPerf.entitlements */,
				D0C37B9A2727A66D000EECA9 /* Predictor.swift */,
			);
			path = MLMacosPerf;
			sourceTree = "<group>";
		};
		D0C37B97272795D9000EECA9 /* Frameworks */ = {
			isa = PBXGroup;
			children = (
				D0C37B98272795D9000EECA9 /* CoreML.framework */,
			);
			name = Frameworks;
			sourceTree = "<group>";
		};
/* End PBXGroup section */

/* Begin PBXNativeTarget section */
		D0C37B84272795BA000EECA9 /* MLMacosPerf */ = {
			isa = PBXNativeTarget;
			buildConfigurationList = D0C37B94272795BB000EECA9 /* Build configuration list for PBXNativeTarget "MLMacosPerf" */;
			buildPhases = (
				D0C37B81272795BA000EECA9 /* Sources */,
				D0C37B82272795BA000EECA9 /* Frameworks */,
				D0C37B83272795BA000EECA9 /* Resources */,
			);
			buildRules = (
			);
			dependencies = (
			);
			name = MLMacosPerf;
			productName = MLMacosPerf;
			productReference = D0C37B85272795BA000EECA9 /* MLMacosPerf.app */;
			productType = "com.apple.product-type.application";
		};
/* End PBXNativeTarget section */

/* Begin PBXProject section */
		D0C37B7D272795BA000EECA9 /* Project object */ = {
			isa = PBXProject;
			attributes = {
				BuildIndependentTargetsInParallel = 1;
				LastSwiftUpdateCheck = 1300;
				LastUpgradeCheck = 1300;
				TargetAttributes = {
					D0C37B84272795BA000EECA9 = {
						CreatedOnToolsVersion = 13.0;
					};
				};
			};
			buildConfigurationList = D0C37B80272795BA000EECA9 /* Build configuration list for PBXProject "MLMacosPerf" */;
			compatibilityVersion = "Xcode 13.0";
			developmentRegion = en;
			hasScannedForEncodings = 0;
			knownRegions = (
				en,
				Base,
			);
			mainGroup = D0C37B7C272795BA000EECA9;
			productRefGroup = D0C37B86272795BA000EECA9 /* Products */;
			projectDirPath = "";
			projectRoot = "";
			targets = (
				D0C37B84272795BA000EECA9 /* MLMacosPerf */,
			);
		};
/* End PBXProject section */

/* Begin PBXResourcesBuildPhase section */
		D0C37B83272795BA000EECA9 /* Resources */ = {
			isa = PBXResourcesBuildPhase;
			buildActionMask = 2147483647;
			files = (
				D0C37BAD27285839000EECA9 /* test01.jpg in Resources */,
				D0C37BAE27285839000EECA9 /* test08.jpg in Resources */,
				D0C37BAF27285839000EECA9 /* test02.jpg in Resources */,
				D06DA1C92978372200E64E61 /* chicken.jpg in Resources */,
				D0C37BB027285839000EECA9 /* test04.jpg in Resources */,
				D0C37BB127285839000EECA9 /* test03.jpg in Resources */,
				D0C37BB227285839000EECA9 /* test10.jpg in Resources */,
				D0C37BB327285839000EECA9 /* test06.jpg in Resources */,
				D0C37BB427285839000EECA9 /* test05.jpg in Resources */,
				D0C37BB527285839000EECA9 /* test07.jpg in Resources */,
				D0C37BB627285839000EECA9 /* test09.jpg in Resources */,
				D0C37B8D272795BB000EECA9 /* Assets.xcassets in Resources */,
				D0C37B90272795BB000EECA9 /* Main.storyboard in Resources */,
			);
			runOnlyForDeploymentPostprocessing = 0;
		};
/* End PBXResourcesBuildPhase section */

/* Begin PBXSourcesBuildPhase section */
		D0C37B81272795BA000EECA9 /* Sources */ = {
			isa = PBXSourcesBuildPhase;
			buildActionMask = 2147483647;
			files = (
				D0708F1D27446F3000B26B9B /* densenet121_keras_applications.mlmodel in Sources */,
				D0D43E9A297829290018D9A9 /* ChickenDetector.mlpackage in Sources */,
				D0C37B8B272795BA000EECA9 /* ViewController.swift in Sources */,
				D0C37B9B2727A66D000EECA9 /* Predictor.swift in Sources */,
				D0C37B89272795BA000EECA9 /* AppDelegate.swift in Sources */,
			);
			runOnlyForDeploymentPostprocessing = 0;
		};
/* End PBXSourcesBuildPhase section */

/* Begin PBXVariantGroup section */
		D0C37B8E272795BB000EECA9 /* Main.storyboard */ = {
			isa = PBXVariantGroup;
			children = (
				D0C37B8F272795BB000EECA9 /* Base */,
			);
			name = Main.storyboard;
			sourceTree = "<group>";
		};
/* End PBXVariantGroup section */

/* Begin XCBuildConfiguration section */
		D0C37B92272795BB000EECA9 /* Debug */ = {
			isa = XCBuildConfiguration;
			buildSettings = {
				ALWAYS_SEARCH_USER_PATHS = NO;
				CLANG_ANALYZER_NONNULL = YES;
				CLANG_ANALYZER_NUMBER_OBJECT_CONVERSION = YES_AGGRESSIVE;
				CLANG_CXX_LANGUAGE_STANDARD = "gnu++17";
				CLANG_CXX_LIBRARY = "libc++";
				CLANG_ENABLE_MODULES = YES;
				CLANG_ENABLE_OBJC_ARC = YES;
				CLANG_ENABLE_OBJC_WEAK = YES;
				CLANG_WARN_BLOCK_CAPTURE_AUTORELEASING = YES;
				CLANG_WARN_BOOL_CONVERSION = YES;
				CLANG_WARN_COMMA = YES;
				CLANG_WARN_CONSTANT_CONVERSION = YES;
				CLANG_WARN_DEPRECATED_OBJC_IMPLEMENTATIONS = YES;
				CLANG_WARN_DIRECT_OBJC_ISA_USAGE = YES_ERROR;
				CLANG_WARN_DOCUMENTATION_COMMENTS = YES;
				CLANG_WARN_EMPTY_BODY = YES;
				CLANG_WARN_ENUM_CONVERSION = YES;
				CLANG_WARN_INFINITE_RECURSION = YES;
				CLANG_WARN_INT_CONVERSION = YES;
				CLANG_WARN_NON_LITERAL_NULL_CONVERSION = YES;
				CLANG_WARN_OBJC_IMPLICIT_RETAIN_SELF = YES;
				CLANG_WARN_OBJC_LITERAL_CONVERSION = YES;
				CLANG_WARN_OBJC_ROOT_CLASS = YES_ERROR;
				CLANG_WARN_QUOTED_INCLUDE_IN_FRAMEWORK_HEADER = YES;
				CLANG_WARN_RANGE_LOOP_ANALYSIS = YES;
				CLANG_WARN_STRICT_PROTOTYPES = YES;
				CLANG_WARN_SUSPICIOUS_MOVE = YES;
				CLANG_WARN_UNGUARDED_AVAILABILITY = YES_AGGRESSIVE;
				CLANG_WARN_UNREACHABLE_CODE = YES;
				CLANG_WARN__DUPLICATE_METHOD_MATCH = YES;
				COPY_PHASE_STRIP = NO;
				DEBUG_INFORMATION_FORMAT = dwarf;
				ENABLE_STRICT_OBJC_MSGSEND = YES;
				ENABLE_TESTABILITY = YES;
				GCC_C_LANGUAGE_STANDARD = gnu11;
				GCC_DYNAMIC_NO_PIC = NO;
				GCC_NO_COMMON_BLOCKS = YES;
				GCC_OPTIMIZATION_LEVEL = 0;
				GCC_PREPROCESSOR_DEFINITIONS = (
					"DEBUG=1",
					"$(inherited)",
				);
				GCC_WARN_64_TO_32_BIT_CONVERSION = YES;
				GCC_WARN_ABOUT_RETURN_TYPE = YES_ERROR;
				GCC_WARN_UNDECLARED_SELECTOR = YES;
				GCC_WARN_UNINITIALIZED_AUTOS = YES_AGGRESSIVE;
				GCC_WARN_UNUSED_FUNCTION = YES;
				GCC_WARN_UNUSED_VARIABLE = YES;
				MACOSX_DEPLOYMENT_TARGET = 11.3;
				MTL_ENABLE_DEBUG_INFO = INCLUDE_SOURCE;
				MTL_FAST_MATH = YES;
				ONLY_ACTIVE_ARCH = YES;
				SDKROOT = macosx;
				SWIFT_ACTIVE_COMPILATION_CONDITIONS = DEBUG;
				SWIFT_OPTIMIZATION_LEVEL = "-Onone";
			};
			name = Debug;
		};
		D0C37B93272795BB000EECA9 /* Release */ = {
			isa = XCBuildConfiguration;
			buildSettings = {
				ALWAYS_SEARCH_USER_PATHS = NO;
				CLANG_ANALYZER_NONNULL = YES;
				CLANG_ANALYZER_NUMBER_OBJECT_CONVERSION = YES_AGGRESSIVE;
				CLANG_CXX_LANGUAGE_STANDARD = "gnu++17";
				CLANG_CXX_LIBRARY = "libc++";
				CLANG_ENABLE_MODULES = YES;
				CLANG_ENABLE_OBJC_ARC = YES;
				CLANG_ENABLE_OBJC_WEAK = YES;
				CLANG_WARN_BLOCK_CAPTURE_AUTORELEASING = YES;
				CLANG_WARN_BOOL_CONVERSION = YES;
				CLANG_WARN_COMMA = YES;
				CLANG_WARN_CONSTANT_CONVERSION = YES;
				CLANG_WARN_DEPRECATED_OBJC_IMPLEMENTATIONS = YES;
				CLANG_WARN_DIRECT_OBJC_ISA_USAGE = YES_ERROR;
				CLANG_WARN_DOCUMENTATION_COMMENTS = YES;
				CLANG_WARN_EMPTY_BODY = YES;
				CLANG_WARN_ENUM_CONVERSION = YES;
				CLANG_WARN_INFINITE_RECURSION = YES;
				CLANG_WARN_INT_CONVERSION = YES;
				CLANG_WARN_NON_LITERAL_NULL_CONVERSION = YES;
				CLANG_WARN_OBJC_IMPLICIT_RETAIN_SELF = YES;
				CLANG_WARN_OBJC_LITERAL_CONVERSION = YES;
				CLANG_WARN_OBJC_ROOT_CLASS = YES_ERROR;
				CLANG_WARN_QUOTED_INCLUDE_IN_FRAMEWORK_HEADER = YES;
				CLANG_WARN_RANGE_LOOP_ANALYSIS = YES;
				CLANG_WARN_STRICT_PROTOTYPES = YES;
				CLANG_WARN_SUSPICIOUS_MOVE = YES;
				CLANG_WARN_UNGUARDED_AVAILABILITY = YES_AGGRESSIVE;
				CLANG_WARN_UNREACHABLE_CODE = YES;
				CLANG_WARN__DUPLICATE_METHOD_MATCH = YES;
				COPY_PHASE_STRIP = NO;
				DEBUG_INFORMATION_FORMAT = "dwarf-with-dsym";
				ENABLE_NS_ASSERTIONS = NO;
				ENABLE_STRICT_OBJC_MSGSEND = YES;
				GCC_C_LANGUAGE_STANDARD = gnu11;
				GCC_NO_COMMON_BLOCKS = YES;
				GCC_WARN_64_TO_32_BIT_CONVERSION = YES;
				GCC_WARN_ABOUT_RETURN_TYPE = YES_ERROR;
				GCC_WARN_UNDECLARED_SELECTOR = YES;
				GCC_WARN_UNINITIALIZED_AUTOS = YES_AGGRESSIVE;
				GCC_WARN_UNUSED_FUNCTION = YES;
				GCC_WARN_UNUSED_VARIABLE = YES;
				MACOSX_DEPLOYMENT_TARGET = 11.3;
				MTL_ENABLE_DEBUG_INFO = NO;
				MTL_FAST_MATH = YES;
				SDKROOT = macosx;
				SWIFT_COMPILATION_MODE = wholemodule;
				SWIFT_OPTIMIZATION_LEVEL = "-O";
			};
			name = Release;
		};
		D0C37B95272795BB000EECA9 /* Debug */ = {
			isa = XCBuildConfiguration;
			buildSettings = {
				ASSETCATALOG_COMPILER_APPICON_NAME = AppIcon;
				ASSETCATALOG_COMPILER_GLOBAL_ACCENT_COLOR_NAME = AccentColor;
				CODE_SIGN_ENTITLEMENTS = MLMacosPerf/MLMacosPerf.entitlements;
				CODE_SIGN_STYLE = Automatic;
				COMBINE_HIDPI_IMAGES = YES;
				CURRENT_PROJECT_VERSION = 1;
				DEVELOPMENT_TEAM = T2YG842FN2;
				GENERATE_INFOPLIST_FILE = YES;
				INFOPLIST_KEY_LSApplicationCategoryType = "public.app-category.developer-tools";
				INFOPLIST_KEY_NSHumanReadableCopyright = "";
				INFOPLIST_KEY_NSMainStoryboardFile = Main;
				INFOPLIST_KEY_NSPrincipalClass = NSApplication;
				LD_RUNPATH_SEARCH_PATHS = (
					"$(inherited)",
					"@executable_path/../Frameworks",
				);
				MACOSX_DEPLOYMENT_TARGET = 12.0;
				MARKETING_VERSION = 1.0;
				PRODUCT_BUNDLE_IDENTIFIER = org.woolfel.coremlperf.MLMacosPerf;
				PRODUCT_NAME = "$(TARGET_NAME)";
				SWIFT_EMIT_LOC_STRINGS = YES;
				SWIFT_VERSION = 5.0;
			};
			name = Debug;
		};
		D0C37B96272795BB000EECA9 /* Release */ = {
			isa = XCBuildConfiguration;
			buildSettings = {
				ASSETCATALOG_COMPILER_APPICON_NAME = AppIcon;
				ASSETCATALOG_COMPILER_GLOBAL_ACCENT_COLOR_NAME = AccentColor;
				CODE_SIGN_ENTITLEMENTS = MLMacosPerf/MLMacosPerf.entitlements;
				CODE_SIGN_STYLE = Automatic;
				COMBINE_HIDPI_IMAGES = YES;
				CURRENT_PROJECT_VERSION = 1;
				DEVELOPMENT_TEAM = T2YG842FN2;
				GENERATE_INFOPLIST_FILE = YES;
				INFOPLIST_KEY_LSApplicationCategoryType = "public.app-category.developer-tools";
				INFOPLIST_KEY_NSHumanReadableCopyright = "";
				INFOPLIST_KEY_NSMainStoryboardFile = Main;
				INFOPLIST_KEY_NSPrincipalClass = NSApplication;
				LD_RUNPATH_SEARCH_PATHS = (
					"$(inherited)",
					"@executable_path/../Frameworks",
				);
				MACOSX_DEPLOYMENT_TARGET = 12.0;
				MARKETING_VERSION = 1.0;
				PRODUCT_BUNDLE_IDENTIFIER = org.woolfel.coremlperf.MLMacosPerf;
				PRODUCT_NAME = "$(TARGET_NAME)";
				SWIFT_EMIT_LOC_STRINGS = YES;
				SWIFT_VERSION = 5.0;
			};
			name = Release;
		};
/* End XCBuildConfiguration section */

/* Begin XCConfigurationList section */
		D0C37B80272795BA000EECA9 /* Build configuration list for PBXProject "MLMacosPerf" */ = {
			isa = XCConfigurationList;
			buildConfigurations = (
				D0C37B92272795BB000EECA9 /* Debug */,
				D0C37B93272795BB000EECA9 /* Release */,
			);
			defaultConfigurationIsVisible = 0;
			defaultConfigurationName = Release;
		};
		D0C37B94272795BB000EECA9 /* Build configuration list for PBXNativeTarget "MLMacosPerf" */ = {
			isa = XCConfigurationList;
			buildConfigurations = (
				D0C37B95272795BB000EECA9 /* Debug */,
				D0C37B96272795BB000EECA9 /* Release */,
			);
			defaultConfigurationIsVisible = 0;
			defaultConfigurationName = Release;
		};
/* End XCConfigurationList section */
	};
	rootObject = D0C37B7D272795BA000EECA9 /* Project object */;
}
